
Microsoft Visual Studio Solution File, Format Version 12.00
# Visual Studio Version 17
VisualStudioVersion = 17.8.34330.188
MinimumVisualStudioVersion = 10.0.40219.1
Project("{8BC9CEB8-8B4A-11D0-8D11-00A0C91BC942}") = "Bubble_Sort_Algorithm", "Bubble_Sort_Algorithm\Bubble_Sort_Algorithm.vcxproj", "{D52C1958-7342-4B77-9E26-05A9DD2AE34F}"
EndProject
Project("{8BC9CEB8-8B4A-11D0-8D11-00A0C91BC942}") = "InsertionSort_Algorithm", "InsertionSort_Algorithm\InsertionSort_Algorithm.vcxproj", "{E177139A-45C8-4B9A-9161-01460DE3B14B}"
EndProject
Project("{8BC9CEB8-8B4A-11D0-8D11-00A0C91BC942}") = "SelectionSort_Algorithm", "SelectionSort_Algorithm\SelectionSort_Algorithm.vcxproj", "{9EB4D678-D2DE-4946-A4B4-429061EBC559}"
EndProject
Global
	GlobalSection(SolutionConfigurationPlatforms) = preSolution
		Debug|x64 = Debug|x64
		Debug|x86 = Debug|x86
		Release|x64 = Release|x64
		Release|x86 = Release|x86
	EndGlobalSection
	GlobalSection(ProjectConfigurationPlatforms) = postSolution
		{D52C1958-7342-4B77-9E26-05A9DD2AE34F}.Debug|x64.ActiveCfg = Debug|x64
		{D52C1958-7342-4B77-9E26-05A9DD2AE34F}.Debug|x64.Build.0 = Debug|x64
		{D52C1958-7342-4B77-9E26-05A9DD2AE34F}.Debug|x86.ActiveCfg = Debug|Win32
		{D52C1958-7342-4B77-9E26-05A9DD2AE34F}.Debug|x86.Build.0 = Debug|Win32
		{D52C1958-7342-4B77-9E26-05A9DD2AE34F}.Release|x64.ActiveCfg = Release|x64
		{D52C1958-7342-4B77-9E26-05A9DD2AE34F}.Release|x64.Build.0 = Release|x64
		{D52C1958-7342-4B77-9E26-05A9DD2AE34F}.Release|x86.ActiveCfg = Release|Win32
		{D52C1958-7342-4B77-9E26-05A9DD2AE34F}.Release|x86.Build.0 = Release|Win32
		{E177139A-45C8-4B9A-9161-01460DE3B14B}.Debug|x64.ActiveCfg = Debug|x64
		{E177139A-45C8-4B9A-9161-01460DE3B14B}.Debug|x64.Build.0 = Debug|x64
		{E177139A-45C8-4B9A-9161-01460DE3B14B}.Debug|x86.ActiveCfg = Debug|Win32
		{E177139A-45C8-4B9A-9161-01460DE3B14B}.Debug|x86.Build.0 = Debug|Win32
		{E177139A-45C8-4B9A-9161-01460DE3B14B}.Release|x64.ActiveCfg = Release|x64
		{E177139A-45C8-4B9A-9161-01460DE3B14B}.Release|x64.Build.0 = Release|x64
		{E177139A-45C8-4B9A-9161-01460DE3B14B}.Release|x86.ActiveCfg = Release|Win32
		{E177139A-45C8-4B9A-9161-01460DE3B14B}.Release|x86.Build.0 = Release|Win32
		{9EB4D678-D2DE-4946-A4B4-429061EBC559}.Debug|x64.ActiveCfg = Debug|x64
		{9EB4D678-D2DE-4946-A4B4-429061EBC559}.Debug|x64.Build.0 = Debug|x64
		{9EB4D678-D2DE-4946-A4B4-429061EBC559}.Debug|x86.ActiveCfg = Debug|Win32
		{9EB4D678-D2DE-4946-A4B4-429061EBC559}.Debug|x86.Build.0 = Debug|Win32
		{9EB4D678-D2DE-4946-A4B4-429061EBC559}.Release|x64.ActiveCfg = Release|x64
		{9EB4D678-D2DE-4946-A4B4-429061EBC559}.Release|x64.Build.0 = Release|x64
		{9EB4D678-D2DE-4946-A4B4-429061EBC559}.Release|x86.ActiveCfg = Release|Win32
		{9EB4D678-D2DE-4946-A4B4-429061EBC559}.Release|x86.Build.0 = Release|Win32
	EndGlobalSection
	GlobalSection(SolutionProperties) = preSolution
		HideSolutionNode = FALSE
	EndGlobalSection
	GlobalSection(ExtensibilityGlobals) = postSolution
		SolutionGuid = {687A7E5D-3CAB-4E5F-9E18-267B92B74D65}
	EndGlobalSection
EndGlobal
