
Microsoft Visual Studio Solution File, Format Version 12.00
# Visual Studio Version 17
VisualStudioVersion = 17.8.34330.188
MinimumVisualStudioVersion = 10.0.40219.1
Project("{8BC9CEB8-8B4A-11D0-8D11-00A0C91BC942}") = "00_exercise", "00_example\00_example.vcxproj", "{2F326062-9539-4B76-8D57-97B00C6799B0}"
EndProject
Project("{8BC9CEB8-8B4A-11D0-8D11-00A0C91BC942}") = "01_exercise", "01_exapmle\01_exapmle.vcxproj", "{20E99A91-F374-49E1-8199-4C7D5EFAF856}"
EndProject
Project("{8BC9CEB8-8B4A-11D0-8D11-00A0C91BC942}") = "02_exercise", "02_example\02_example.vcxproj", "{495A6D99-8D83-4716-8768-758ACD065728}"
EndProject
Project("{8BC9CEB8-8B4A-11D0-8D11-00A0C91BC942}") = "03_exercise", "03_example\03_example.vcxproj", "{07BAB2A0-35D5-47D3-A424-4791B8DFB002}"
EndProject
Project("{8BC9CEB8-8B4A-11D0-8D11-00A0C91BC942}") = "04_exercise", "04_exercise\04_exercise.vcxproj", "{E2526AE2-708C-4BD4-A095-6E937A9011F6}"
EndProject
Project("{8BC9CEB8-8B4A-11D0-8D11-00A0C91BC942}") = "05_exercise", "05_example\05_example.vcxproj", "{D1943279-C412-4578-B86C-7B206B053F9F}"
EndProject
Project("{8BC9CEB8-8B4A-11D0-8D11-00A0C91BC942}") = "06_exercise", "06_exercise\06_exercise.vcxproj", "{4BF2CE19-F011-4B40-9DA5-2569E67D5D43}"
EndProject
Project("{8BC9CEB8-8B4A-11D0-8D11-00A0C91BC942}") = "07_exercise", "07_exercise\07_exercise.vcxproj", "{69787ED7-8237-47A0-967C-425D15EAD5E7}"
EndProject
Project("{8BC9CEB8-8B4A-11D0-8D11-00A0C91BC942}") = "08_exercise", "08_exercise\08_exercise.vcxproj", "{19E9CD06-CED5-4C9F-B83E-4B0EDA49A6ED}"
EndProject
Project("{8BC9CEB8-8B4A-11D0-8D11-00A0C91BC942}") = "09_exercise", "09_exercise\09_exercise.vcxproj", "{5CA26853-4594-489F-8750-F297A0640124}"
EndProject
Project("{8BC9CEB8-8B4A-11D0-8D11-00A0C91BC942}") = "10_exercise", "10_exercise\10_exercise.vcxproj", "{1C75CC7D-4FC1-4502-8128-EDC1ADF7263F}"
EndProject
Project("{8BC9CEB8-8B4A-11D0-8D11-00A0C91BC942}") = "11_exercise", "11_exercise\11_exercise.vcxproj", "{57E9084A-B838-4C6A-BC4D-6CB1C1863817}"
EndProject
Project("{8BC9CEB8-8B4A-11D0-8D11-00A0C91BC942}") = "12_exercise", "12_exercise\12_exercise.vcxproj", "{5FE431B4-A353-4B8D-805F-CFEDCA5AF37B}"
EndProject
Project("{8BC9CEB8-8B4A-11D0-8D11-00A0C91BC942}") = "13_exercise", "13_exercise\13_exercise.vcxproj", "{2ADDA06E-333B-4372-B915-5641EA1C9B3D}"
EndProject
Project("{8BC9CEB8-8B4A-11D0-8D11-00A0C91BC942}") = "14_exercise", "14_exercise\14_exercise.vcxproj", "{AF717ECE-D23D-4067-A9A5-FBC2B0D1812E}"
EndProject
Project("{8BC9CEB8-8B4A-11D0-8D11-00A0C91BC942}") = "15_exercise", "15_exercise\15_exercise.vcxproj", "{B7ED7E93-47DE-4D92-A6A7-E348217110D3}"
EndProject
Project("{8BC9CEB8-8B4A-11D0-8D11-00A0C91BC942}") = "16_exercise", "16_exercise\16_exercise.vcxproj", "{AA474D04-F055-463E-8D4A-7949EC621735}"
EndProject
Project("{8BC9CEB8-8B4A-11D0-8D11-00A0C91BC942}") = "17_exercise", "17_exercise\17_exercise.vcxproj", "{7E45619C-BDA8-4AEA-A0CA-550B24F229D0}"
EndProject
Project("{8BC9CEB8-8B4A-11D0-8D11-00A0C91BC942}") = "18_exercise", "18_exercise\18_exercise.vcxproj", "{20156343-AC2B-4597-8AC8-3C32036C0EF0}"
EndProject
Project("{8BC9CEB8-8B4A-11D0-8D11-00A0C91BC942}") = "19_exercise", "19_exercise\19_exercise.vcxproj", "{B1034A25-DA1A-4673-BFFA-C2B6DBCDD0BD}"
EndProject
Project("{8BC9CEB8-8B4A-11D0-8D11-00A0C91BC942}") = "20_exercise", "20_exercise\20_exercise.vcxproj", "{B71F1A55-F77A-4787-B034-08B90B3211AD}"
EndProject
Project("{8BC9CEB8-8B4A-11D0-8D11-00A0C91BC942}") = "21_exercise", "21_exercise\21_exercise.vcxproj", "{54683DE1-CA3E-43ED-811C-C51C97964811}"
EndProject
Project("{8BC9CEB8-8B4A-11D0-8D11-00A0C91BC942}") = "22_exercise", "22_exercise\22_exercise.vcxproj", "{0E31611C-BC4D-4D07-A6EA-E30627609BB5}"
EndProject
Project("{8BC9CEB8-8B4A-11D0-8D11-00A0C91BC942}") = "23_exercise", "23_exercise\23_exercise.vcxproj", "{CD4D37DD-8A85-4E7C-9AB7-A1BB53BD1423}"
EndProject
Project("{8BC9CEB8-8B4A-11D0-8D11-00A0C91BC942}") = "24_exercise", "24_exercise\24_exercise.vcxproj", "{1473631C-B9CD-46E3-A8F5-54BEF99849CF}"
EndProject
Project("{8BC9CEB8-8B4A-11D0-8D11-00A0C91BC942}") = "25_exercise", "25_exercise\25_exercise.vcxproj", "{920184F8-CC14-4185-BEB5-FD5E83E3FCCA}"
EndProject
Project("{8BC9CEB8-8B4A-11D0-8D11-00A0C91BC942}") = "26_exercise", "26_EXERCISE\26_EXERCISE.vcxproj", "{2A71CDDB-034D-4EF2-B452-4EBEE4A7B2F0}"
EndProject
Project("{8BC9CEB8-8B4A-11D0-8D11-00A0C91BC942}") = "27_exercise", "27_exercise\27_exercise.vcxproj", "{D9C40E37-4B2D-4B6C-B5FC-F427BC7868B4}"
EndProject
Project("{8BC9CEB8-8B4A-11D0-8D11-00A0C91BC942}") = "28_exercise", "28_exercise\28_exercise.vcxproj", "{2F4076C3-E417-4CF0-A03A-490D1011E9D2}"
EndProject
Project("{8BC9CEB8-8B4A-11D0-8D11-00A0C91BC942}") = "29_exercise", "29_exercise\29_exercise.vcxproj", "{2A14BF97-652C-446F-9F78-668AD05811A2}"
EndProject
Global
	GlobalSection(SolutionConfigurationPlatforms) = preSolution
		Debug|x64 = Debug|x64
		Debug|x86 = Debug|x86
		Release|x64 = Release|x64
		Release|x86 = Release|x86
	EndGlobalSection
	GlobalSection(ProjectConfigurationPlatforms) = postSolution
		{2F326062-9539-4B76-8D57-97B00C6799B0}.Debug|x64.ActiveCfg = Debug|x64
		{2F326062-9539-4B76-8D57-97B00C6799B0}.Debug|x64.Build.0 = Debug|x64
		{2F326062-9539-4B76-8D57-97B00C6799B0}.Debug|x86.ActiveCfg = Debug|Win32
		{2F326062-9539-4B76-8D57-97B00C6799B0}.Debug|x86.Build.0 = Debug|Win32
		{2F326062-9539-4B76-8D57-97B00C6799B0}.Release|x64.ActiveCfg = Release|x64
		{2F326062-9539-4B76-8D57-97B00C6799B0}.Release|x64.Build.0 = Release|x64
		{2F326062-9539-4B76-8D57-97B00C6799B0}.Release|x86.ActiveCfg = Release|Win32
		{2F326062-9539-4B76-8D57-97B00C6799B0}.Release|x86.Build.0 = Release|Win32
		{20E99A91-F374-49E1-8199-4C7D5EFAF856}.Debug|x64.ActiveCfg = Debug|x64
		{20E99A91-F374-49E1-8199-4C7D5EFAF856}.Debug|x64.Build.0 = Debug|x64
		{20E99A91-F374-49E1-8199-4C7D5EFAF856}.Debug|x86.ActiveCfg = Debug|Win32
		{20E99A91-F374-49E1-8199-4C7D5EFAF856}.Debug|x86.Build.0 = Debug|Win32
		{20E99A91-F374-49E1-8199-4C7D5EFAF856}.Release|x64.ActiveCfg = Release|x64
		{20E99A91-F374-49E1-8199-4C7D5EFAF856}.Release|x64.Build.0 = Release|x64
		{20E99A91-F374-49E1-8199-4C7D5EFAF856}.Release|x86.ActiveCfg = Release|Win32
		{20E99A91-F374-49E1-8199-4C7D5EFAF856}.Release|x86.Build.0 = Release|Win32
		{495A6D99-8D83-4716-8768-758ACD065728}.Debug|x64.ActiveCfg = Debug|x64
		{495A6D99-8D83-4716-8768-758ACD065728}.Debug|x64.Build.0 = Debug|x64
		{495A6D99-8D83-4716-8768-758ACD065728}.Debug|x86.ActiveCfg = Debug|Win32
		{495A6D99-8D83-4716-8768-758ACD065728}.Debug|x86.Build.0 = Debug|Win32
		{495A6D99-8D83-4716-8768-758ACD065728}.Release|x64.ActiveCfg = Release|x64
		{495A6D99-8D83-4716-8768-758ACD065728}.Release|x64.Build.0 = Release|x64
		{495A6D99-8D83-4716-8768-758ACD065728}.Release|x86.ActiveCfg = Release|Win32
		{495A6D99-8D83-4716-8768-758ACD065728}.Release|x86.Build.0 = Release|Win32
		{07BAB2A0-35D5-47D3-A424-4791B8DFB002}.Debug|x64.ActiveCfg = Debug|x64
		{07BAB2A0-35D5-47D3-A424-4791B8DFB002}.Debug|x64.Build.0 = Debug|x64
		{07BAB2A0-35D5-47D3-A424-4791B8DFB002}.Debug|x86.ActiveCfg = Debug|Win32
		{07BAB2A0-35D5-47D3-A424-4791B8DFB002}.Debug|x86.Build.0 = Debug|Win32
		{07BAB2A0-35D5-47D3-A424-4791B8DFB002}.Release|x64.ActiveCfg = Release|x64
		{07BAB2A0-35D5-47D3-A424-4791B8DFB002}.Release|x64.Build.0 = Release|x64
		{07BAB2A0-35D5-47D3-A424-4791B8DFB002}.Release|x86.ActiveCfg = Release|Win32
		{07BAB2A0-35D5-47D3-A424-4791B8DFB002}.Release|x86.Build.0 = Release|Win32
		{E2526AE2-708C-4BD4-A095-6E937A9011F6}.Debug|x64.ActiveCfg = Debug|x64
		{E2526AE2-708C-4BD4-A095-6E937A9011F6}.Debug|x64.Build.0 = Debug|x64
		{E2526AE2-708C-4BD4-A095-6E937A9011F6}.Debug|x86.ActiveCfg = Debug|Win32
		{E2526AE2-708C-4BD4-A095-6E937A9011F6}.Debug|x86.Build.0 = Debug|Win32
		{E2526AE2-708C-4BD4-A095-6E937A9011F6}.Release|x64.ActiveCfg = Release|x64
		{E2526AE2-708C-4BD4-A095-6E937A9011F6}.Release|x64.Build.0 = Release|x64
		{E2526AE2-708C-4BD4-A095-6E937A9011F6}.Release|x86.ActiveCfg = Release|Win32
		{E2526AE2-708C-4BD4-A095-6E937A9011F6}.Release|x86.Build.0 = Release|Win32
		{D1943279-C412-4578-B86C-7B206B053F9F}.Debug|x64.ActiveCfg = Debug|x64
		{D1943279-C412-4578-B86C-7B206B053F9F}.Debug|x64.Build.0 = Debug|x64
		{D1943279-C412-4578-B86C-7B206B053F9F}.Debug|x86.ActiveCfg = Debug|Win32
		{D1943279-C412-4578-B86C-7B206B053F9F}.Debug|x86.Build.0 = Debug|Win32
		{D1943279-C412-4578-B86C-7B206B053F9F}.Release|x64.ActiveCfg = Release|x64
		{D1943279-C412-4578-B86C-7B206B053F9F}.Release|x64.Build.0 = Release|x64
		{D1943279-C412-4578-B86C-7B206B053F9F}.Release|x86.ActiveCfg = Release|Win32
		{D1943279-C412-4578-B86C-7B206B053F9F}.Release|x86.Build.0 = Release|Win32
		{4BF2CE19-F011-4B40-9DA5-2569E67D5D43}.Debug|x64.ActiveCfg = Debug|x64
		{4BF2CE19-F011-4B40-9DA5-2569E67D5D43}.Debug|x64.Build.0 = Debug|x64
		{4BF2CE19-F011-4B40-9DA5-2569E67D5D43}.Debug|x86.ActiveCfg = Debug|Win32
		{4BF2CE19-F011-4B40-9DA5-2569E67D5D43}.Debug|x86.Build.0 = Debug|Win32
		{4BF2CE19-F011-4B40-9DA5-2569E67D5D43}.Release|x64.ActiveCfg = Release|x64
		{4BF2CE19-F011-4B40-9DA5-2569E67D5D43}.Release|x64.Build.0 = Release|x64
		{4BF2CE19-F011-4B40-9DA5-2569E67D5D43}.Release|x86.ActiveCfg = Release|Win32
		{4BF2CE19-F011-4B40-9DA5-2569E67D5D43}.Release|x86.Build.0 = Release|Win32
		{69787ED7-8237-47A0-967C-425D15EAD5E7}.Debug|x64.ActiveCfg = Debug|x64
		{69787ED7-8237-47A0-967C-425D15EAD5E7}.Debug|x64.Build.0 = Debug|x64
		{69787ED7-8237-47A0-967C-425D15EAD5E7}.Debug|x86.ActiveCfg = Debug|Win32
		{69787ED7-8237-47A0-967C-425D15EAD5E7}.Debug|x86.Build.0 = Debug|Win32
		{69787ED7-8237-47A0-967C-425D15EAD5E7}.Release|x64.ActiveCfg = Release|x64
		{69787ED7-8237-47A0-967C-425D15EAD5E7}.Release|x64.Build.0 = Release|x64
		{69787ED7-8237-47A0-967C-425D15EAD5E7}.Release|x86.ActiveCfg = Release|Win32
		{69787ED7-8237-47A0-967C-425D15EAD5E7}.Release|x86.Build.0 = Release|Win32
		{19E9CD06-CED5-4C9F-B83E-4B0EDA49A6ED}.Debug|x64.ActiveCfg = Debug|x64
		{19E9CD06-CED5-4C9F-B83E-4B0EDA49A6ED}.Debug|x64.Build.0 = Debug|x64
		{19E9CD06-CED5-4C9F-B83E-4B0EDA49A6ED}.Debug|x86.ActiveCfg = Debug|Win32
		{19E9CD06-CED5-4C9F-B83E-4B0EDA49A6ED}.Debug|x86.Build.0 = Debug|Win32
		{19E9CD06-CED5-4C9F-B83E-4B0EDA49A6ED}.Release|x64.ActiveCfg = Release|x64
		{19E9CD06-CED5-4C9F-B83E-4B0EDA49A6ED}.Release|x64.Build.0 = Release|x64
		{19E9CD06-CED5-4C9F-B83E-4B0EDA49A6ED}.Release|x86.ActiveCfg = Release|Win32
		{19E9CD06-CED5-4C9F-B83E-4B0EDA49A6ED}.Release|x86.Build.0 = Release|Win32
		{5CA26853-4594-489F-8750-F297A0640124}.Debug|x64.ActiveCfg = Debug|x64
		{5CA26853-4594-489F-8750-F297A0640124}.Debug|x64.Build.0 = Debug|x64
		{5CA26853-4594-489F-8750-F297A0640124}.Debug|x86.ActiveCfg = Debug|Win32
		{5CA26853-4594-489F-8750-F297A0640124}.Debug|x86.Build.0 = Debug|Win32
		{5CA26853-4594-489F-8750-F297A0640124}.Release|x64.ActiveCfg = Release|x64
		{5CA26853-4594-489F-8750-F297A0640124}.Release|x64.Build.0 = Release|x64
		{5CA26853-4594-489F-8750-F297A0640124}.Release|x86.ActiveCfg = Release|Win32
		{5CA26853-4594-489F-8750-F297A0640124}.Release|x86.Build.0 = Release|Win32
		{1C75CC7D-4FC1-4502-8128-EDC1ADF7263F}.Debug|x64.ActiveCfg = Debug|x64
		{1C75CC7D-4FC1-4502-8128-EDC1ADF7263F}.Debug|x64.Build.0 = Debug|x64
		{1C75CC7D-4FC1-4502-8128-EDC1ADF7263F}.Debug|x86.ActiveCfg = Debug|Win32
		{1C75CC7D-4FC1-4502-8128-EDC1ADF7263F}.Debug|x86.Build.0 = Debug|Win32
		{1C75CC7D-4FC1-4502-8128-EDC1ADF7263F}.Release|x64.ActiveCfg = Release|x64
		{1C75CC7D-4FC1-4502-8128-EDC1ADF7263F}.Release|x64.Build.0 = Release|x64
		{1C75CC7D-4FC1-4502-8128-EDC1ADF7263F}.Release|x86.ActiveCfg = Release|Win32
		{1C75CC7D-4FC1-4502-8128-EDC1ADF7263F}.Release|x86.Build.0 = Release|Win32
		{57E9084A-B838-4C6A-BC4D-6CB1C1863817}.Debug|x64.ActiveCfg = Debug|x64
		{57E9084A-B838-4C6A-BC4D-6CB1C1863817}.Debug|x64.Build.0 = Debug|x64
		{57E9084A-B838-4C6A-BC4D-6CB1C1863817}.Debug|x86.ActiveCfg = Debug|Win32
		{57E9084A-B838-4C6A-BC4D-6CB1C1863817}.Debug|x86.Build.0 = Debug|Win32
		{57E9084A-B838-4C6A-BC4D-6CB1C1863817}.Release|x64.ActiveCfg = Release|x64
		{57E9084A-B838-4C6A-BC4D-6CB1C1863817}.Release|x64.Build.0 = Release|x64
		{57E9084A-B838-4C6A-BC4D-6CB1C1863817}.Release|x86.ActiveCfg = Release|Win32
		{57E9084A-B838-4C6A-BC4D-6CB1C1863817}.Release|x86.Build.0 = Release|Win32
		{5FE431B4-A353-4B8D-805F-CFEDCA5AF37B}.Debug|x64.ActiveCfg = Debug|x64
		{5FE431B4-A353-4B8D-805F-CFEDCA5AF37B}.Debug|x64.Build.0 = Debug|x64
		{5FE431B4-A353-4B8D-805F-CFEDCA5AF37B}.Debug|x86.ActiveCfg = Debug|Win32
		{5FE431B4-A353-4B8D-805F-CFEDCA5AF37B}.Debug|x86.Build.0 = Debug|Win32
		{5FE431B4-A353-4B8D-805F-CFEDCA5AF37B}.Release|x64.ActiveCfg = Release|x64
		{5FE431B4-A353-4B8D-805F-CFEDCA5AF37B}.Release|x64.Build.0 = Release|x64
		{5FE431B4-A353-4B8D-805F-CFEDCA5AF37B}.Release|x86.ActiveCfg = Release|Win32
		{5FE431B4-A353-4B8D-805F-CFEDCA5AF37B}.Release|x86.Build.0 = Release|Win32
		{2ADDA06E-333B-4372-B915-5641EA1C9B3D}.Debug|x64.ActiveCfg = Debug|x64
		{2ADDA06E-333B-4372-B915-5641EA1C9B3D}.Debug|x64.Build.0 = Debug|x64
		{2ADDA06E-333B-4372-B915-5641EA1C9B3D}.Debug|x86.ActiveCfg = Debug|Win32
		{2ADDA06E-333B-4372-B915-5641EA1C9B3D}.Debug|x86.Build.0 = Debug|Win32
		{2ADDA06E-333B-4372-B915-5641EA1C9B3D}.Release|x64.ActiveCfg = Release|x64
		{2ADDA06E-333B-4372-B915-5641EA1C9B3D}.Release|x64.Build.0 = Release|x64
		{2ADDA06E-333B-4372-B915-5641EA1C9B3D}.Release|x86.ActiveCfg = Release|Win32
		{2ADDA06E-333B-4372-B915-5641EA1C9B3D}.Release|x86.Build.0 = Release|Win32
		{AF717ECE-D23D-4067-A9A5-FBC2B0D1812E}.Debug|x64.ActiveCfg = Debug|x64
		{AF717ECE-D23D-4067-A9A5-FBC2B0D1812E}.Debug|x64.Build.0 = Debug|x64
		{AF717ECE-D23D-4067-A9A5-FBC2B0D1812E}.Debug|x86.ActiveCfg = Debug|Win32
		{AF717ECE-D23D-4067-A9A5-FBC2B0D1812E}.Debug|x86.Build.0 = Debug|Win32
		{AF717ECE-D23D-4067-A9A5-FBC2B0D1812E}.Release|x64.ActiveCfg = Release|x64
		{AF717ECE-D23D-4067-A9A5-FBC2B0D1812E}.Release|x64.Build.0 = Release|x64
		{AF717ECE-D23D-4067-A9A5-FBC2B0D1812E}.Release|x86.ActiveCfg = Release|Win32
		{AF717ECE-D23D-4067-A9A5-FBC2B0D1812E}.Release|x86.Build.0 = Release|Win32
		{B7ED7E93-47DE-4D92-A6A7-E348217110D3}.Debug|x64.ActiveCfg = Debug|x64
		{B7ED7E93-47DE-4D92-A6A7-E348217110D3}.Debug|x64.Build.0 = Debug|x64
		{B7ED7E93-47DE-4D92-A6A7-E348217110D3}.Debug|x86.ActiveCfg = Debug|Win32
		{B7ED7E93-47DE-4D92-A6A7-E348217110D3}.Debug|x86.Build.0 = Debug|Win32
		{B7ED7E93-47DE-4D92-A6A7-E348217110D3}.Release|x64.ActiveCfg = Release|x64
		{B7ED7E93-47DE-4D92-A6A7-E348217110D3}.Release|x64.Build.0 = Release|x64
		{B7ED7E93-47DE-4D92-A6A7-E348217110D3}.Release|x86.ActiveCfg = Release|Win32
		{B7ED7E93-47DE-4D92-A6A7-E348217110D3}.Release|x86.Build.0 = Release|Win32
		{AA474D04-F055-463E-8D4A-7949EC621735}.Debug|x64.ActiveCfg = Debug|x64
		{AA474D04-F055-463E-8D4A-7949EC621735}.Debug|x64.Build.0 = Debug|x64
		{AA474D04-F055-463E-8D4A-7949EC621735}.Debug|x86.ActiveCfg = Debug|Win32
		{AA474D04-F055-463E-8D4A-7949EC621735}.Debug|x86.Build.0 = Debug|Win32
		{AA474D04-F055-463E-8D4A-7949EC621735}.Release|x64.ActiveCfg = Release|x64
		{AA474D04-F055-463E-8D4A-7949EC621735}.Release|x64.Build.0 = Release|x64
		{AA474D04-F055-463E-8D4A-7949EC621735}.Release|x86.ActiveCfg = Release|Win32
		{AA474D04-F055-463E-8D4A-7949EC621735}.Release|x86.Build.0 = Release|Win32
		{7E45619C-BDA8-4AEA-A0CA-550B24F229D0}.Debug|x64.ActiveCfg = Debug|x64
		{7E45619C-BDA8-4AEA-A0CA-550B24F229D0}.Debug|x64.Build.0 = Debug|x64
		{7E45619C-BDA8-4AEA-A0CA-550B24F229D0}.Debug|x86.ActiveCfg = Debug|Win32
		{7E45619C-BDA8-4AEA-A0CA-550B24F229D0}.Debug|x86.Build.0 = Debug|Win32
		{7E45619C-BDA8-4AEA-A0CA-550B24F229D0}.Release|x64.ActiveCfg = Release|x64
		{7E45619C-BDA8-4AEA-A0CA-550B24F229D0}.Release|x64.Build.0 = Release|x64
		{7E45619C-BDA8-4AEA-A0CA-550B24F229D0}.Release|x86.ActiveCfg = Release|Win32
		{7E45619C-BDA8-4AEA-A0CA-550B24F229D0}.Release|x86.Build.0 = Release|Win32
		{20156343-AC2B-4597-8AC8-3C32036C0EF0}.Debug|x64.ActiveCfg = Debug|x64
		{20156343-AC2B-4597-8AC8-3C32036C0EF0}.Debug|x64.Build.0 = Debug|x64
		{20156343-AC2B-4597-8AC8-3C32036C0EF0}.Debug|x86.ActiveCfg = Debug|Win32
		{20156343-AC2B-4597-8AC8-3C32036C0EF0}.Debug|x86.Build.0 = Debug|Win32
		{20156343-AC2B-4597-8AC8-3C32036C0EF0}.Release|x64.ActiveCfg = Release|x64
		{20156343-AC2B-4597-8AC8-3C32036C0EF0}.Release|x64.Build.0 = Release|x64
		{20156343-AC2B-4597-8AC8-3C32036C0EF0}.Release|x86.ActiveCfg = Release|Win32
		{20156343-AC2B-4597-8AC8-3C32036C0EF0}.Release|x86.Build.0 = Release|Win32
		{B1034A25-DA1A-4673-BFFA-C2B6DBCDD0BD}.Debug|x64.ActiveCfg = Debug|x64
		{B1034A25-DA1A-4673-BFFA-C2B6DBCDD0BD}.Debug|x64.Build.0 = Debug|x64
		{B1034A25-DA1A-4673-BFFA-C2B6DBCDD0BD}.Debug|x86.ActiveCfg = Debug|Win32
		{B1034A25-DA1A-4673-BFFA-C2B6DBCDD0BD}.Debug|x86.Build.0 = Debug|Win32
		{B1034A25-DA1A-4673-BFFA-C2B6DBCDD0BD}.Release|x64.ActiveCfg = Release|x64
		{B1034A25-DA1A-4673-BFFA-C2B6DBCDD0BD}.Release|x64.Build.0 = Release|x64
		{B1034A25-DA1A-4673-BFFA-C2B6DBCDD0BD}.Release|x86.ActiveCfg = Release|Win32
		{B1034A25-DA1A-4673-BFFA-C2B6DBCDD0BD}.Release|x86.Build.0 = Release|Win32
		{B71F1A55-F77A-4787-B034-08B90B3211AD}.Debug|x64.ActiveCfg = Debug|x64
		{B71F1A55-F77A-4787-B034-08B90B3211AD}.Debug|x64.Build.0 = Debug|x64
		{B71F1A55-F77A-4787-B034-08B90B3211AD}.Debug|x86.ActiveCfg = Debug|Win32
		{B71F1A55-F77A-4787-B034-08B90B3211AD}.Debug|x86.Build.0 = Debug|Win32
		{B71F1A55-F77A-4787-B034-08B90B3211AD}.Release|x64.ActiveCfg = Release|x64
		{B71F1A55-F77A-4787-B034-08B90B3211AD}.Release|x64.Build.0 = Release|x64
		{B71F1A55-F77A-4787-B034-08B90B3211AD}.Release|x86.ActiveCfg = Release|Win32
		{B71F1A55-F77A-4787-B034-08B90B3211AD}.Release|x86.Build.0 = Release|Win32
		{54683DE1-CA3E-43ED-811C-C51C97964811}.Debug|x64.ActiveCfg = Debug|x64
		{54683DE1-CA3E-43ED-811C-C51C97964811}.Debug|x64.Build.0 = Debug|x64
		{54683DE1-CA3E-43ED-811C-C51C97964811}.Debug|x86.ActiveCfg = Debug|Win32
		{54683DE1-CA3E-43ED-811C-C51C97964811}.Debug|x86.Build.0 = Debug|Win32
		{54683DE1-CA3E-43ED-811C-C51C97964811}.Release|x64.ActiveCfg = Release|x64
		{54683DE1-CA3E-43ED-811C-C51C97964811}.Release|x64.Build.0 = Release|x64
		{54683DE1-CA3E-43ED-811C-C51C97964811}.Release|x86.ActiveCfg = Release|Win32
		{54683DE1-CA3E-43ED-811C-C51C97964811}.Release|x86.Build.0 = Release|Win32
		{0E31611C-BC4D-4D07-A6EA-E30627609BB5}.Debug|x64.ActiveCfg = Debug|x64
		{0E31611C-BC4D-4D07-A6EA-E30627609BB5}.Debug|x64.Build.0 = Debug|x64
		{0E31611C-BC4D-4D07-A6EA-E30627609BB5}.Debug|x86.ActiveCfg = Debug|Win32
		{0E31611C-BC4D-4D07-A6EA-E30627609BB5}.Debug|x86.Build.0 = Debug|Win32
		{0E31611C-BC4D-4D07-A6EA-E30627609BB5}.Release|x64.ActiveCfg = Release|x64
		{0E31611C-BC4D-4D07-A6EA-E30627609BB5}.Release|x64.Build.0 = Release|x64
		{0E31611C-BC4D-4D07-A6EA-E30627609BB5}.Release|x86.ActiveCfg = Release|Win32
		{0E31611C-BC4D-4D07-A6EA-E30627609BB5}.Release|x86.Build.0 = Release|Win32
		{CD4D37DD-8A85-4E7C-9AB7-A1BB53BD1423}.Debug|x64.ActiveCfg = Debug|x64
		{CD4D37DD-8A85-4E7C-9AB7-A1BB53BD1423}.Debug|x64.Build.0 = Debug|x64
		{CD4D37DD-8A85-4E7C-9AB7-A1BB53BD1423}.Debug|x86.ActiveCfg = Debug|Win32
		{CD4D37DD-8A85-4E7C-9AB7-A1BB53BD1423}.Debug|x86.Build.0 = Debug|Win32
		{CD4D37DD-8A85-4E7C-9AB7-A1BB53BD1423}.Release|x64.ActiveCfg = Release|x64
		{CD4D37DD-8A85-4E7C-9AB7-A1BB53BD1423}.Release|x64.Build.0 = Release|x64
		{CD4D37DD-8A85-4E7C-9AB7-A1BB53BD1423}.Release|x86.ActiveCfg = Release|Win32
		{CD4D37DD-8A85-4E7C-9AB7-A1BB53BD1423}.Release|x86.Build.0 = Release|Win32
		{1473631C-B9CD-46E3-A8F5-54BEF99849CF}.Debug|x64.ActiveCfg = Debug|x64
		{1473631C-B9CD-46E3-A8F5-54BEF99849CF}.Debug|x64.Build.0 = Debug|x64
		{1473631C-B9CD-46E3-A8F5-54BEF99849CF}.Debug|x86.ActiveCfg = Debug|Win32
		{1473631C-B9CD-46E3-A8F5-54BEF99849CF}.Debug|x86.Build.0 = Debug|Win32
		{1473631C-B9CD-46E3-A8F5-54BEF99849CF}.Release|x64.ActiveCfg = Release|x64
		{1473631C-B9CD-46E3-A8F5-54BEF99849CF}.Release|x64.Build.0 = Release|x64
		{1473631C-B9CD-46E3-A8F5-54BEF99849CF}.Release|x86.ActiveCfg = Release|Win32
		{1473631C-B9CD-46E3-A8F5-54BEF99849CF}.Release|x86.Build.0 = Release|Win32
		{920184F8-CC14-4185-BEB5-FD5E83E3FCCA}.Debug|x64.ActiveCfg = Debug|x64
		{920184F8-CC14-4185-BEB5-FD5E83E3FCCA}.Debug|x64.Build.0 = Debug|x64
		{920184F8-CC14-4185-BEB5-FD5E83E3FCCA}.Debug|x86.ActiveCfg = Debug|Win32
		{920184F8-CC14-4185-BEB5-FD5E83E3FCCA}.Debug|x86.Build.0 = Debug|Win32
		{920184F8-CC14-4185-BEB5-FD5E83E3FCCA}.Release|x64.ActiveCfg = Release|x64
		{920184F8-CC14-4185-BEB5-FD5E83E3FCCA}.Release|x64.Build.0 = Release|x64
		{920184F8-CC14-4185-BEB5-FD5E83E3FCCA}.Release|x86.ActiveCfg = Release|Win32
		{920184F8-CC14-4185-BEB5-FD5E83E3FCCA}.Release|x86.Build.0 = Release|Win32
		{2A71CDDB-034D-4EF2-B452-4EBEE4A7B2F0}.Debug|x64.ActiveCfg = Debug|x64
		{2A71CDDB-034D-4EF2-B452-4EBEE4A7B2F0}.Debug|x64.Build.0 = Debug|x64
		{2A71CDDB-034D-4EF2-B452-4EBEE4A7B2F0}.Debug|x86.ActiveCfg = Debug|Win32
		{2A71CDDB-034D-4EF2-B452-4EBEE4A7B2F0}.Debug|x86.Build.0 = Debug|Win32
		{2A71CDDB-034D-4EF2-B452-4EBEE4A7B2F0}.Release|x64.ActiveCfg = Release|x64
		{2A71CDDB-034D-4EF2-B452-4EBEE4A7B2F0}.Release|x64.Build.0 = Release|x64
		{2A71CDDB-034D-4EF2-B452-4EBEE4A7B2F0}.Release|x86.ActiveCfg = Release|Win32
		{2A71CDDB-034D-4EF2-B452-4EBEE4A7B2F0}.Release|x86.Build.0 = Release|Win32
		{D9C40E37-4B2D-4B6C-B5FC-F427BC7868B4}.Debug|x64.ActiveCfg = Debug|x64
		{D9C40E37-4B2D-4B6C-B5FC-F427BC7868B4}.Debug|x64.Build.0 = Debug|x64
		{D9C40E37-4B2D-4B6C-B5FC-F427BC7868B4}.Debug|x86.ActiveCfg = Debug|Win32
		{D9C40E37-4B2D-4B6C-B5FC-F427BC7868B4}.Debug|x86.Build.0 = Debug|Win32
		{D9C40E37-4B2D-4B6C-B5FC-F427BC7868B4}.Release|x64.ActiveCfg = Release|x64
		{D9C40E37-4B2D-4B6C-B5FC-F427BC7868B4}.Release|x64.Build.0 = Release|x64
		{D9C40E37-4B2D-4B6C-B5FC-F427BC7868B4}.Release|x86.ActiveCfg = Release|Win32
		{D9C40E37-4B2D-4B6C-B5FC-F427BC7868B4}.Release|x86.Build.0 = Release|Win32
		{2F4076C3-E417-4CF0-A03A-490D1011E9D2}.Debug|x64.ActiveCfg = Debug|x64
		{2F4076C3-E417-4CF0-A03A-490D1011E9D2}.Debug|x64.Build.0 = Debug|x64
		{2F4076C3-E417-4CF0-A03A-490D1011E9D2}.Debug|x86.ActiveCfg = Debug|Win32
		{2F4076C3-E417-4CF0-A03A-490D1011E9D2}.Debug|x86.Build.0 = Debug|Win32
		{2F4076C3-E417-4CF0-A03A-490D1011E9D2}.Release|x64.ActiveCfg = Release|x64
		{2F4076C3-E417-4CF0-A03A-490D1011E9D2}.Release|x64.Build.0 = Release|x64
		{2F4076C3-E417-4CF0-A03A-490D1011E9D2}.Release|x86.ActiveCfg = Release|Win32
		{2F4076C3-E417-4CF0-A03A-490D1011E9D2}.Release|x86.Build.0 = Release|Win32
		{2A14BF97-652C-446F-9F78-668AD05811A2}.Debug|x64.ActiveCfg = Debug|x64
		{2A14BF97-652C-446F-9F78-668AD05811A2}.Debug|x64.Build.0 = Debug|x64
		{2A14BF97-652C-446F-9F78-668AD05811A2}.Debug|x86.ActiveCfg = Debug|Win32
		{2A14BF97-652C-446F-9F78-668AD05811A2}.Debug|x86.Build.0 = Debug|Win32
		{2A14BF97-652C-446F-9F78-668AD05811A2}.Release|x64.ActiveCfg = Release|x64
		{2A14BF97-652C-446F-9F78-668AD05811A2}.Release|x64.Build.0 = Release|x64
		{2A14BF97-652C-446F-9F78-668AD05811A2}.Release|x86.ActiveCfg = Release|Win32
		{2A14BF97-652C-446F-9F78-668AD05811A2}.Release|x86.Build.0 = Release|Win32
	EndGlobalSection
	GlobalSection(SolutionProperties) = preSolution
		HideSolutionNode = FALSE
	EndGlobalSection
	GlobalSection(ExtensibilityGlobals) = postSolution
		SolutionGuid = {2CC6524C-050E-4D5D-BFA5-175A2184C2A2}
	EndGlobalSection
EndGlobal
