
Microsoft Visual Studio Solution File, Format Version 12.00
# Visual Studio Version 17
VisualStudioVersion = 17.8.34330.188
MinimumVisualStudioVersion = 10.0.40219.1
Project("{8BC9CEB8-8B4A-11D0-8D11-00A0C91BC942}") = "00_example", "00_example\00_example.vcxproj", "{2F326062-9539-4B76-8D57-97B00C6799B0}"
EndProject
Project("{8BC9CEB8-8B4A-11D0-8D11-00A0C91BC942}") = "01_exapmle", "01_exapmle\01_exapmle.vcxproj", "{20E99A91-F374-49E1-8199-4C7D5EFAF856}"
EndProject
Project("{8BC9CEB8-8B4A-11D0-8D11-00A0C91BC942}") = "02_example", "02_example\02_example.vcxproj", "{495A6D99-8D83-4716-8768-758ACD065728}"
EndProject
Project("{8BC9CEB8-8B4A-11D0-8D11-00A0C91BC942}") = "03_example", "03_example\03_example.vcxproj", "{07BAB2A0-35D5-47D3-A424-4791B8DFB002}"
EndProject
Project("{8BC9CEB8-8B4A-11D0-8D11-00A0C91BC942}") = "04_exercise", "04_exercise\04_exercise.vcxproj", "{E2526AE2-708C-4BD4-A095-6E937A9011F6}"
EndProject
Project("{8BC9CEB8-8B4A-11D0-8D11-00A0C91BC942}") = "05_exercise", "05_example\05_example.vcxproj", "{D1943279-C412-4578-B86C-7B206B053F9F}"
EndProject
Global
	GlobalSection(SolutionConfigurationPlatforms) = preSolution
		Debug|x64 = Debug|x64
		Debug|x86 = Debug|x86
		Release|x64 = Release|x64
		Release|x86 = Release|x86
	EndGlobalSection
	GlobalSection(ProjectConfigurationPlatforms) = postSolution
		{2F326062-9539-4B76-8D57-97B00C6799B0}.Debug|x64.ActiveCfg = Debug|x64
		{2F326062-9539-4B76-8D57-97B00C6799B0}.Debug|x64.Build.0 = Debug|x64
		{2F326062-9539-4B76-8D57-97B00C6799B0}.Debug|x86.ActiveCfg = Debug|Win32
		{2F326062-9539-4B76-8D57-97B00C6799B0}.Debug|x86.Build.0 = Debug|Win32
		{2F326062-9539-4B76-8D57-97B00C6799B0}.Release|x64.ActiveCfg = Release|x64
		{2F326062-9539-4B76-8D57-97B00C6799B0}.Release|x64.Build.0 = Release|x64
		{2F326062-9539-4B76-8D57-97B00C6799B0}.Release|x86.ActiveCfg = Release|Win32
		{2F326062-9539-4B76-8D57-97B00C6799B0}.Release|x86.Build.0 = Release|Win32
		{20E99A91-F374-49E1-8199-4C7D5EFAF856}.Debug|x64.ActiveCfg = Debug|x64
		{20E99A91-F374-49E1-8199-4C7D5EFAF856}.Debug|x64.Build.0 = Debug|x64
		{20E99A91-F374-49E1-8199-4C7D5EFAF856}.Debug|x86.ActiveCfg = Debug|Win32
		{20E99A91-F374-49E1-8199-4C7D5EFAF856}.Debug|x86.Build.0 = Debug|Win32
		{20E99A91-F374-49E1-8199-4C7D5EFAF856}.Release|x64.ActiveCfg = Release|x64
		{20E99A91-F374-49E1-8199-4C7D5EFAF856}.Release|x64.Build.0 = Release|x64
		{20E99A91-F374-49E1-8199-4C7D5EFAF856}.Release|x86.ActiveCfg = Release|Win32
		{20E99A91-F374-49E1-8199-4C7D5EFAF856}.Release|x86.Build.0 = Release|Win32
		{495A6D99-8D83-4716-8768-758ACD065728}.Debug|x64.ActiveCfg = Debug|x64
		{495A6D99-8D83-4716-8768-758ACD065728}.Debug|x64.Build.0 = Debug|x64
		{495A6D99-8D83-4716-8768-758ACD065728}.Debug|x86.ActiveCfg = Debug|Win32
		{495A6D99-8D83-4716-8768-758ACD065728}.Debug|x86.Build.0 = Debug|Win32
		{495A6D99-8D83-4716-8768-758ACD065728}.Release|x64.ActiveCfg = Release|x64
		{495A6D99-8D83-4716-8768-758ACD065728}.Release|x64.Build.0 = Release|x64
		{495A6D99-8D83-4716-8768-758ACD065728}.Release|x86.ActiveCfg = Release|Win32
		{495A6D99-8D83-4716-8768-758ACD065728}.Release|x86.Build.0 = Release|Win32
		{07BAB2A0-35D5-47D3-A424-4791B8DFB002}.Debug|x64.ActiveCfg = Debug|x64
		{07BAB2A0-35D5-47D3-A424-4791B8DFB002}.Debug|x64.Build.0 = Debug|x64
		{07BAB2A0-35D5-47D3-A424-4791B8DFB002}.Debug|x86.ActiveCfg = Debug|Win32
		{07BAB2A0-35D5-47D3-A424-4791B8DFB002}.Debug|x86.Build.0 = Debug|Win32
		{07BAB2A0-35D5-47D3-A424-4791B8DFB002}.Release|x64.ActiveCfg = Release|x64
		{07BAB2A0-35D5-47D3-A424-4791B8DFB002}.Release|x64.Build.0 = Release|x64
		{07BAB2A0-35D5-47D3-A424-4791B8DFB002}.Release|x86.ActiveCfg = Release|Win32
		{07BAB2A0-35D5-47D3-A424-4791B8DFB002}.Release|x86.Build.0 = Release|Win32
		{E2526AE2-708C-4BD4-A095-6E937A9011F6}.Debug|x64.ActiveCfg = Debug|x64
		{E2526AE2-708C-4BD4-A095-6E937A9011F6}.Debug|x64.Build.0 = Debug|x64
		{E2526AE2-708C-4BD4-A095-6E937A9011F6}.Debug|x86.ActiveCfg = Debug|Win32
		{E2526AE2-708C-4BD4-A095-6E937A9011F6}.Debug|x86.Build.0 = Debug|Win32
		{E2526AE2-708C-4BD4-A095-6E937A9011F6}.Release|x64.ActiveCfg = Release|x64
		{E2526AE2-708C-4BD4-A095-6E937A9011F6}.Release|x64.Build.0 = Release|x64
		{E2526AE2-708C-4BD4-A095-6E937A9011F6}.Release|x86.ActiveCfg = Release|Win32
		{E2526AE2-708C-4BD4-A095-6E937A9011F6}.Release|x86.Build.0 = Release|Win32
		{D1943279-C412-4578-B86C-7B206B053F9F}.Debug|x64.ActiveCfg = Debug|x64
		{D1943279-C412-4578-B86C-7B206B053F9F}.Debug|x64.Build.0 = Debug|x64
		{D1943279-C412-4578-B86C-7B206B053F9F}.Debug|x86.ActiveCfg = Debug|Win32
		{D1943279-C412-4578-B86C-7B206B053F9F}.Debug|x86.Build.0 = Debug|Win32
		{D1943279-C412-4578-B86C-7B206B053F9F}.Release|x64.ActiveCfg = Release|x64
		{D1943279-C412-4578-B86C-7B206B053F9F}.Release|x64.Build.0 = Release|x64
		{D1943279-C412-4578-B86C-7B206B053F9F}.Release|x86.ActiveCfg = Release|Win32
		{D1943279-C412-4578-B86C-7B206B053F9F}.Release|x86.Build.0 = Release|Win32
	EndGlobalSection
	GlobalSection(SolutionProperties) = preSolution
		HideSolutionNode = FALSE
	EndGlobalSection
	GlobalSection(ExtensibilityGlobals) = postSolution
		SolutionGuid = {2CC6524C-050E-4D5D-BFA5-175A2184C2A2}
	EndGlobalSection
EndGlobal
